// !$*UTF8*$!
{
	archiveVersion = 1;
	classes = {
	};
	objectVersion = 46;
	objects = {

/* Begin PBXBuildFile section */
		7FBCDA671D891681002CF137 /* GraphView.swift in Sources */ = {isa = PBXBuildFile; fileRef = 7FBCDA661D891681002CF137 /* GraphView.swift */; };
		7FBCDA691D891777002CF137 /* GraphViewController.swift in Sources */ = {isa = PBXBuildFile; fileRef = 7FBCDA681D891777002CF137 /* GraphViewController.swift */; };
		7FBCDA6B1D8919B9002CF137 /* AxesDrawer.swift in Sources */ = {isa = PBXBuildFile; fileRef = 7FBCDA6A1D8919B9002CF137 /* AxesDrawer.swift */; };
		7FDB3FD11D79415A00AFA686 /* AppDelegate.swift in Sources */ = {isa = PBXBuildFile; fileRef = 7FDB3FD01D79415A00AFA686 /* AppDelegate.swift */; };
		7FDB3FD31D79415A00AFA686 /* CalculatorViewController.swift in Sources */ = {isa = PBXBuildFile; fileRef = 7FDB3FD21D79415A00AFA686 /* CalculatorViewController.swift */; };
		7FDB3FD61D79415A00AFA686 /* Main.storyboard in Resources */ = {isa = PBXBuildFile; fileRef = 7FDB3FD41D79415A00AFA686 /* Main.storyboard */; };
		7FDB3FD81D79415A00AFA686 /* Assets.xcassets in Resources */ = {isa = PBXBuildFile; fileRef = 7FDB3FD71D79415A00AFA686 /* Assets.xcassets */; };
		7FDB3FDB1D79415A00AFA686 /* LaunchScreen.storyboard in Resources */ = {isa = PBXBuildFile; fileRef = 7FDB3FD91D79415A00AFA686 /* LaunchScreen.storyboard */; };
		7FDB3FE61D7CFBF000AFA686 /* CalculatorModel.swift in Sources */ = {isa = PBXBuildFile; fileRef = 7FDB3FE51D7CFBF000AFA686 /* CalculatorModel.swift */; };
/* End PBXBuildFile section */

/* Begin PBXFileReference section */
		7FBCDA661D891681002CF137 /* GraphView.swift */ = {isa = PBXFileReference; fileEncoding = 4; lastKnownFileType = sourcecode.swift; path = GraphView.swift; sourceTree = "<group>"; };
		7FBCDA681D891777002CF137 /* GraphViewController.swift */ = {isa = PBXFileReference; fileEncoding = 4; lastKnownFileType = sourcecode.swift; path = GraphViewController.swift; sourceTree = "<group>"; };
		7FBCDA6A1D8919B9002CF137 /* AxesDrawer.swift */ = {isa = PBXFileReference; fileEncoding = 4; lastKnownFileType = sourcecode.swift; path = AxesDrawer.swift; sourceTree = "<group>"; };
		7FDB3FCD1D79415A00AFA686 /* Calculator.app */ = {isa = PBXFileReference; explicitFileType = wrapper.application; includeInIndex = 0; path = Calculator.app; sourceTree = BUILT_PRODUCTS_DIR; };
		7FDB3FD01D79415A00AFA686 /* AppDelegate.swift */ = {isa = PBXFileReference; lastKnownFileType = sourcecode.swift; path = AppDelegate.swift; sourceTree = "<group>"; };
		7FDB3FD21D79415A00AFA686 /* CalculatorViewController.swift */ = {isa = PBXFileReference; lastKnownFileType = sourcecode.swift; path = CalculatorViewController.swift; sourceTree = "<group>"; };
		7FDB3FD51D79415A00AFA686 /* Base */ = {isa = PBXFileReference; lastKnownFileType = file.storyboard; name = Base; path = Base.lproj/Main.storyboard; sourceTree = "<group>"; };
		7FDB3FD71D79415A00AFA686 /* Assets.xcassets */ = {isa = PBXFileReference; lastKnownFileType = folder.assetcatalog; path = Assets.xcassets; sourceTree = "<group>"; };
		7FDB3FDA1D79415A00AFA686 /* Base */ = {isa = PBXFileReference; lastKnownFileType = file.storyboard; name = Base; path = Base.lproj/LaunchScreen.storyboard; sourceTree = "<group>"; };
		7FDB3FDC1D79415A00AFA686 /* Info.plist */ = {isa = PBXFileReference; lastKnownFileType = text.plist.xml; path = Info.plist; sourceTree = "<group>"; };
		7FDB3FE51D7CFBF000AFA686 /* CalculatorModel.swift */ = {isa = PBXFileReference; fileEncoding = 4; lastKnownFileType = sourcecode.swift; path = CalculatorModel.swift; sourceTree = SOURCE_ROOT; };
/* End PBXFileReference section */

/* Begin PBXFrameworksBuildPhase section */
		7FDB3FCA1D79415A00AFA686 /* Frameworks */ = {
			isa = PBXFrameworksBuildPhase;
			buildActionMask = 2147483647;
			files = (
			);
			runOnlyForDeploymentPostprocessing = 0;
		};
/* End PBXFrameworksBuildPhase section */

/* Begin PBXGroup section */
		7FDB3FC41D79415A00AFA686 = {
			isa = PBXGroup;
			children = (
				7FDB3FCF1D79415A00AFA686 /* Calculator */,
				7FDB3FCE1D79415A00AFA686 /* Products */,
			);
			sourceTree = "<group>";
		};
		7FDB3FCE1D79415A00AFA686 /* Products */ = {
			isa = PBXGroup;
			children = (
				7FDB3FCD1D79415A00AFA686 /* Calculator.app */,
			);
			name = Products;
			sourceTree = "<group>";
		};
		7FDB3FCF1D79415A00AFA686 /* Calculator */ = {
			isa = PBXGroup;
			children = (
				7FDB3FE51D7CFBF000AFA686 /* CalculatorModel.swift */,
				7FDB3FD41D79415A00AFA686 /* Main.storyboard */,
				7FBCDA681D891777002CF137 /* GraphViewController.swift */,
				7FBCDA661D891681002CF137 /* GraphView.swift */,
				7FDB3FD21D79415A00AFA686 /* CalculatorViewController.swift */,
				7FBCDA6A1D8919B9002CF137 /* AxesDrawer.swift */,
				7FDB3FE21D79418700AFA686 /* auxiliary files */,
			);
			path = Calculator;
			sourceTree = "<group>";
		};
		7FDB3FE21D79418700AFA686 /* auxiliary files */ = {
			isa = PBXGroup;
			children = (
				7FDB3FD01D79415A00AFA686 /* AppDelegate.swift */,
				7FDB3FD71D79415A00AFA686 /* Assets.xcassets */,
				7FDB3FD91D79415A00AFA686 /* LaunchScreen.storyboard */,
				7FDB3FDC1D79415A00AFA686 /* Info.plist */,
			);
			name = "auxiliary files";
			sourceTree = "<group>";
		};
/* End PBXGroup section */

/* Begin PBXNativeTarget section */
		7FDB3FCC1D79415A00AFA686 /* Calculator */ = {
			isa = PBXNativeTarget;
			buildConfigurationList = 7FDB3FDF1D79415A00AFA686 /* Build configuration list for PBXNativeTarget "Calculator" */;
			buildPhases = (
				7FDB3FC91D79415A00AFA686 /* Sources */,
				7FDB3FCA1D79415A00AFA686 /* Frameworks */,
				7FDB3FCB1D79415A00AFA686 /* Resources */,
			);
			buildRules = (
			);
			dependencies = (
			);
			name = Calculator;
			productName = Calculator;
			productReference = 7FDB3FCD1D79415A00AFA686 /* Calculator.app */;
			productType = "com.apple.product-type.application";
		};
/* End PBXNativeTarget section */

/* Begin PBXProject section */
		7FDB3FC51D79415A00AFA686 /* Project object */ = {
			isa = PBXProject;
			attributes = {
				LastSwiftUpdateCheck = 0730;
				LastUpgradeCheck = 0730;
				ORGANIZATIONNAME = "Luke Holoubek";
				TargetAttributes = {
					7FDB3FCC1D79415A00AFA686 = {
						CreatedOnToolsVersion = 7.3.1;
						DevelopmentTeam = 63UW99GP28;
						LastSwiftMigration = 0800;
					};
				};
			};
			buildConfigurationList = 7FDB3FC81D79415A00AFA686 /* Build configuration list for PBXProject "Calculator" */;
			compatibilityVersion = "Xcode 3.2";
			developmentRegion = English;
			hasScannedForEncodings = 0;
			knownRegions = (
				en,
				Base,
			);
			mainGroup = 7FDB3FC41D79415A00AFA686;
			productRefGroup = 7FDB3FCE1D79415A00AFA686 /* Products */;
			projectDirPath = "";
			projectRoot = "";
			targets = (
				7FDB3FCC1D79415A00AFA686 /* Calculator */,
			);
		};
/* End PBXProject section */

/* Begin PBXResourcesBuildPhase section */
		7FDB3FCB1D79415A00AFA686 /* Resources */ = {
			isa = PBXResourcesBuildPhase;
			buildActionMask = 2147483647;
			files = (
				7FDB3FDB1D79415A00AFA686 /* LaunchScreen.storyboard in Resources */,
				7FDB3FD81D79415A00AFA686 /* Assets.xcassets in Resources */,
				7FDB3FD61D79415A00AFA686 /* Main.storyboard in Resources */,
			);
			runOnlyForDeploymentPostprocessing = 0;
		};
/* End PBXResourcesBuildPhase section */

/* Begin PBXSourcesBuildPhase section */
		7FDB3FC91D79415A00AFA686 /* Sources */ = {
			isa = PBXSourcesBuildPhase;
			buildActionMask = 2147483647;
			files = (
				7FDB3FE61D7CFBF000AFA686 /* CalculatorModel.swift in Sources */,
				7FBCDA691D891777002CF137 /* GraphViewController.swift in Sources */,
				7FDB3FD31D79415A00AFA686 /* CalculatorViewController.swift in Sources */,
				7FDB3FD11D79415A00AFA686 /* AppDelegate.swift in Sources */,
				7FBCDA671D891681002CF137 /* GraphView.swift in Sources */,
				7FBCDA6B1D8919B9002CF137 /* AxesDrawer.swift in Sources */,
			);
			runOnlyForDeploymentPostprocessing = 0;
		};
/* End PBXSourcesBuildPhase section */

/* Begin PBXVariantGroup section */
		7FDB3FD41D79415A00AFA686 /* Main.storyboard */ = {
			isa = PBXVariantGroup;
			children = (
				7FDB3FD51D79415A00AFA686 /* Base */,
			);
			name = Main.storyboard;
			sourceTree = "<group>";
		};
		7FDB3FD91D79415A00AFA686 /* LaunchScreen.storyboard */ = {
			isa = PBXVariantGroup;
			children = (
				7FDB3FDA1D79415A00AFA686 /* Base */,
			);
			name = LaunchScreen.storyboard;
			sourceTree = "<group>";
		};
/* End PBXVariantGroup section */

/* Begin XCBuildConfiguration section */
		7FDB3FDD1D79415A00AFA686 /* Debug */ = {
			isa = XCBuildConfiguration;
			buildSettings = {
				ALWAYS_SEARCH_USER_PATHS = NO;
				CLANG_ANALYZER_NONNULL = YES;
				CLANG_CXX_LANGUAGE_STANDARD = "gnu++0x";
				CLANG_CXX_LIBRARY = "libc++";
				CLANG_ENABLE_MODULES = YES;
				CLANG_ENABLE_OBJC_ARC = YES;
				CLANG_WARN_BOOL_CONVERSION = YES;
				CLANG_WARN_CONSTANT_CONVERSION = YES;
				CLANG_WARN_DIRECT_OBJC_ISA_USAGE = YES_ERROR;
				CLANG_WARN_EMPTY_BODY = YES;
				CLANG_WARN_ENUM_CONVERSION = YES;
				CLANG_WARN_INT_CONVERSION = YES;
				CLANG_WARN_OBJC_ROOT_CLASS = YES_ERROR;
				CLANG_WARN_UNREACHABLE_CODE = YES;
				CLANG_WARN__DUPLICATE_METHOD_MATCH = YES;
				"CODE_SIGN_IDENTITY[sdk=iphoneos*]" = "iPhone Developer";
				COPY_PHASE_STRIP = NO;
				DEBUG_INFORMATION_FORMAT = dwarf;
				ENABLE_STRICT_OBJC_MSGSEND = YES;
				ENABLE_TESTABILITY = YES;
				GCC_C_LANGUAGE_STANDARD = gnu99;
				GCC_DYNAMIC_NO_PIC = NO;
				GCC_NO_COMMON_BLOCKS = YES;
				GCC_OPTIMIZATION_LEVEL = 0;
				GCC_PREPROCESSOR_DEFINITIONS = (
					"DEBUG=1",
					"$(inherited)",
				);
				GCC_WARN_64_TO_32_BIT_CONVERSION = YES;
				GCC_WARN_ABOUT_RETURN_TYPE = YES_ERROR;
				GCC_WARN_UNDECLARED_SELECTOR = YES;
				GCC_WARN_UNINITIALIZED_AUTOS = YES_AGGRESSIVE;
				GCC_WARN_UNUSED_FUNCTION = YES;
				GCC_WARN_UNUSED_VARIABLE = YES;
				IPHONEOS_DEPLOYMENT_TARGET = 9.3;
				MTL_ENABLE_DEBUG_INFO = YES;
				ONLY_ACTIVE_ARCH = YES;
				SDKROOT = iphoneos;
				SWIFT_OPTIMIZATION_LEVEL = "-Onone";
				TARGETED_DEVICE_FAMILY = "1,2";
			};
			name = Debug;
		};
		7FDB3FDE1D79415A00AFA686 /* Release */ = {
			isa = XCBuildConfiguration;
			buildSettings = {
				ALWAYS_SEARCH_USER_PATHS = NO;
				CLANG_ANALYZER_NONNULL = YES;
				CLANG_CXX_LANGUAGE_STANDARD = "gnu++0x";
				CLANG_CXX_LIBRARY = "libc++";
				CLANG_ENABLE_MODULES = YES;
				CLANG_ENABLE_OBJC_ARC = YES;
				CLANG_WARN_BOOL_CONVERSION = YES;
				CLANG_WARN_CONSTANT_CONVERSION = YES;
				CLANG_WARN_DIRECT_OBJC_ISA_USAGE = YES_ERROR;
				CLANG_WARN_EMPTY_BODY = YES;
				CLANG_WARN_ENUM_CONVERSION = YES;
				CLANG_WARN_INT_CONVERSION = YES;
				CLANG_WARN_OBJC_ROOT_CLASS = YES_ERROR;
				CLANG_WARN_UNREACHABLE_CODE = YES;
				CLANG_WARN__DUPLICATE_METHOD_MATCH = YES;
				"CODE_SIGN_IDENTITY[sdk=iphoneos*]" = "iPhone Developer";
				COPY_PHASE_STRIP = NO;
				DEBUG_INFORMATION_FORMAT = "dwarf-with-dsym";
				ENABLE_NS_ASSERTIONS = NO;
				ENABLE_STRICT_OBJC_MSGSEND = YES;
				GCC_C_LANGUAGE_STANDARD = gnu99;
				GCC_NO_COMMON_BLOCKS = YES;
				GCC_WARN_64_TO_32_BIT_CONVERSION = YES;
				GCC_WARN_ABOUT_RETURN_TYPE = YES_ERROR;
				GCC_WARN_UNDECLARED_SELECTOR = YES;
				GCC_WARN_UNINITIALIZED_AUTOS = YES_AGGRESSIVE;
				GCC_WARN_UNUSED_FUNCTION = YES;
				GCC_WARN_UNUSED_VARIABLE = YES;
				IPHONEOS_DEPLOYMENT_TARGET = 9.3;
				MTL_ENABLE_DEBUG_INFO = NO;
				SDKROOT = iphoneos;
				TARGETED_DEVICE_FAMILY = "1,2";
				VALIDATE_PRODUCT = YES;
			};
			name = Release;
		};
		7FDB3FE01D79415A00AFA686 /* Debug */ = {
			isa = XCBuildConfiguration;
			buildSettings = {
				ASSETCATALOG_COMPILER_APPICON_NAME = AppIcon;
				CODE_SIGN_IDENTITY = "iPhone Developer";
				"CODE_SIGN_IDENTITY[sdk=iphoneos*]" = "iPhone Developer";
				INFOPLIST_FILE = Calculator/Info.plist;
				LD_RUNPATH_SEARCH_PATHS = "$(inherited) @executable_path/Frameworks";
				PRODUCT_BUNDLE_IDENTIFIER = com.lukeholoubek.Calculator;
				PRODUCT_NAME = "$(TARGET_NAME)";
				PROVISIONING_PROFILE = "";
				SWIFT_VERSION = 2.3;
			};
			name = Debug;
		};
		7FDB3FE11D79415A00AFA686 /* Release */ = {
			isa = XCBuildConfiguration;
			buildSettings = {
				ASSETCATALOG_COMPILER_APPICON_NAME = AppIcon;
				CODE_SIGN_IDENTITY = "iPhone Developer";
				"CODE_SIGN_IDENTITY[sdk=iphoneos*]" = "iPhone Developer";
				INFOPLIST_FILE = Calculator/Info.plist;
				LD_RUNPATH_SEARCH_PATHS = "$(inherited) @executable_path/Frameworks";
				PRODUCT_BUNDLE_IDENTIFIER = com.lukeholoubek.Calculator;
				PRODUCT_NAME = "$(TARGET_NAME)";
				PROVISIONING_PROFILE = "";
				SWIFT_VERSION = 2.3;
			};
			name = Release;
		};
/* End XCBuildConfiguration section */

/* Begin XCConfigurationList section */
		7FDB3FC81D79415A00AFA686 /* Build configuration list for PBXProject "Calculator" */ = {
			isa = XCConfigurationList;
			buildConfigurations = (
				7FDB3FDD1D79415A00AFA686 /* Debug */,
				7FDB3FDE1D79415A00AFA686 /* Release */,
			);
			defaultConfigurationIsVisible = 0;
			defaultConfigurationName = Release;
		};
		7FDB3FDF1D79415A00AFA686 /* Build configuration list for PBXNativeTarget "Calculator" */ = {
			isa = XCConfigurationList;
			buildConfigurations = (
				7FDB3FE01D79415A00AFA686 /* Debug */,
				7FDB3FE11D79415A00AFA686 /* Release */,
			);
			defaultConfigurationIsVisible = 0;
			defaultConfigurationName = Release;
		};
/* End XCConfigurationList section */
	};
	rootObject = 7FDB3FC51D79415A00AFA686 /* Project object */;
}
